<?xml version="1.0" encoding="utf-8"?>
<Project ToolsVersion="4.0" xmlns="http://schemas.microsoft.com/developer/msbuild/2003">
  <ItemGroup>
    <Filter Include="Source Files">
      <UniqueIdentifier>{c489fd1e-1b1b-42e6-914b-62331016b04c}</UniqueIdentifier>
      <Extensions>cpp;c;cxx;rc;def;r;odl;idl;hpj;bat</Extensions>
    </Filter>
    <Filter Include="Header Files">
      <UniqueIdentifier>{6b36eeba-4de4-4d8e-8508-8416d3b3cca7}</UniqueIdentifier>
      <Extensions>h;hpp;hxx;hm;inl</Extensions>
    </Filter>
    <Filter Include="Resource Files">
      <UniqueIdentifier>{3ecc1137-4d40-4adc-8c0b-119a99db0ffb}</UniqueIdentifier>
      <Extensions>ico;cur;bmp;dlg;rc2;rct;bin;rgs;gif;jpg;jpeg;jpe</Extensions>
    </Filter>
  </ItemGroup>
  <ItemGroup>
    <ClCompile Include="diskio.c">
      <Filter>Source Files</Filter>
    </ClCompile>
    <ClCompile Include="ff.c">
      <Filter>Source Files</Filter>
    </ClCompile>
    <ClCompile Include="main.c">
      <Filter>Source Files</Filter>
    </ClCompile>
    <ClCompile Include="option\unicode.c">
      <Filter>Source Files</Filter>
    </ClCompile>
  </ItemGroup>
  <ItemGroup>
    <ClInclude Include="diskio.h">
      <Filter>Header Files</Filter>
    </ClInclude>
    <ClInclude Include="ff.h">
      <Filter>Header Files</Filter>
    </ClInclude>
    <ClInclude Include="ffconf.h">
      <Filter>Header Files</Filter>
    </ClInclude>
    <ClInclude Include="integer.h">
      <Filter>Header Files</Filter>
    </ClInclude>
  </ItemGroup>
</Project>